{
  "name": "exerice-tests",
  "version": "1.0.0",
  "lockfileVersion": 3,
  "requires": true,
  "packages": {
    "": {
      "name": "exerice-tests",
      "version": "1.0.0",
      "license": "ISC",
      "dependencies": {
        "pnpm": "^10.10.0"
      }
    },
    "node_modules/pnpm": {
      "version": "10.10.0",
      "resolved": "https://registry.npmjs.org/pnpm/-/pnpm-10.10.0.tgz",
      "integrity": "sha512-1hXbJG/nDyXc/qbY1z3ueCziPiJF48T2+Igkn7VoFJMYY33Kc8LFyO8qTKDVZX+5VnGIv6tH9WbR7mzph4FcOQ==",
      "license": "MIT",
      "bin": {
        "pnpm": "bin/pnpm.cjs",
        "pnpx": "bin/pnpx.cjs"
      },
      "engines": {
        "node": ">=18.12"
      },
      "funding": {
        "url": "https://opencollective.com/pnpm"
      }
    }
  }
}
